
Microsoft Visual Studio Solution File, Format Version 12.00
# Visual Studio Version 17
VisualStudioVersion = 17.4.33205.214
MinimumVisualStudioVersion = 10.0.40219.1
Project("{9A19103F-16F7-4668-BE54-9A1E7A4F7556}") = "Leet_Array", "Array\Leet_Array.csproj", "{8695086C-87D9-4211-A491-AD3818023CD6}"
EndProject
Project("{9A19103F-16F7-4668-BE54-9A1E7A4F7556}") = "Leet_StringsExercises", "Strings\Leet_StringsExercises.csproj", "{211F68DA-11AA-4809-AAB1-A9E10973AB4A}"
EndProject
Project("{9A19103F-16F7-4668-BE54-9A1E7A4F7556}") = "Leet_Linked_list", "Linked_list\Leet_Linked_list.csproj", "{B51DB64F-F305-444E-A901-72AF65186856}"
EndProject
Project("{9A19103F-16F7-4668-BE54-9A1E7A4F7556}") = "Leet_Trees", "Trees\Leet_Trees.csproj", "{4361103D-94AD-4219-A0BA-CA4A2CABF0E8}"
EndProject
Project("{9A19103F-16F7-4668-BE54-9A1E7A4F7556}") = "Leet_Dynamic_Programming", "Dynamic_Programming\Leet_Dynamic_Programming.csproj", "{6A5D7B18-6C1C-4C05-9388-607F6EB8A2AE}"
EndProject
Project("{9A19103F-16F7-4668-BE54-9A1E7A4F7556}") = "Leet_Math", "Math\Leet_Math.csproj", "{40BEAE9A-A6D2-451B-850B-1E05549FD76D}"
EndProject
Project("{9A19103F-16F7-4668-BE54-9A1E7A4F7556}") = "Leet_Sorting", "Sorting_and_Searching\Leet_Sorting.csproj", "{D76189DA-8934-43FC-A42A-161D5C9AFDD2}"
EndProject
Project("{9A19103F-16F7-4668-BE54-9A1E7A4F7556}") = "Leet_DataStructures", "DataStructures\Leet_DataStructures.csproj", "{5896AD45-6C1F-402D-9D90-62692529098F}"
EndProject
Project("{9A19103F-16F7-4668-BE54-9A1E7A4F7556}") = "BFS_DFS", "BFS_DFS\BFS_DFS.csproj", "{6C146F67-EBDE-4239-B386-9D8A3A12F04B}"
EndProject
Project("{9A19103F-16F7-4668-BE54-9A1E7A4F7556}") = "Delegate", "Delegate\Delegate.csproj", "{16E91E91-43A3-4A5C-930D-CA13ADAA0E2D}"
EndProject
Project("{9A19103F-16F7-4668-BE54-9A1E7A4F7556}") = "Co3_ExtractFromJsonFile", "ExtractFromJsonFile\Co3_ExtractFromJsonFile.csproj", "{4FF116C1-F14F-47F0-A4CB-C54041748081}"
EndProject
Project("{9A19103F-16F7-4668-BE54-9A1E7A4F7556}") = "Co3_ExtractFromJsonFileAndDisplayToHTML", "ExtractFromJsonFileAndDisplayToHTML\Co3_ExtractFromJsonFileAndDisplayToHTML.csproj", "{5C0D03CB-A8E8-4188-BAEA-313E13F8A62F}"
EndProject
Project("{9A19103F-16F7-4668-BE54-9A1E7A4F7556}") = "Co3_ExtractFromDifferentJsonFileToOneStoreClass", "ExtractFromDifferentJsonFileToOneStoreClass\Co3_ExtractFromDifferentJsonFileToOneStoreClass.csproj", "{8B2B9650-D429-4C26-9F8D-4C01630C9A60}"
EndProject
Project("{9A19103F-16F7-4668-BE54-9A1E7A4F7556}") = "Co3_ExtractDataFromCsv", "ExtractDataFromCsv\Co3_ExtractDataFromCsv.csproj", "{16408CA2-BCC0-4F25-8060-D8EEB2D1C2DD}"
EndProject
Project("{9A19103F-16F7-4668-BE54-9A1E7A4F7556}") = "Co3_LoadDataFromJsonFilesToDB_MVC", "LoadDataFromJsonFilesToDB_MVC\Co3_LoadDataFromJsonFilesToDB_MVC.csproj", "{0FB64545-D01A-4B51-8C04-036D02BD5C0A}"
EndProject
Project("{9A19103F-16F7-4668-BE54-9A1E7A4F7556}") = "MemoryCachingAndILoggerDB", "MemoryCachingAndILogger\WebApplication1\WebApplication1\MemoryCachingAndILoggerDB.csproj", "{7EB8D18A-FC82-4289-A1A4-0456AED7B1C3}"
EndProject
Project("{9A19103F-16F7-4668-BE54-9A1E7A4F7556}") = "FluentEmail", "FluentEmail\FluentEmail\FluentEmail\FluentEmail.csproj", "{3E409A1B-EF0C-49D5-B8E0-EB32A77CFCAA}"
EndProject
Project("{2150E333-8FDC-42A3-9474-1A3956D46DE8}") = "AccessModifiers", "AccessModifiers", "{4E7B53C6-1E4E-4722-9F16-8F852BAD7146}"
EndProject
Project("{9A19103F-16F7-4668-BE54-9A1E7A4F7556}") = "AccessModifers", "AccessModifiers\AccessModifers\AccessModifers.csproj", "{BEC74255-4936-47AF-96E1-9D7DAF7CA67A}"
EndProject
Project("{9A19103F-16F7-4668-BE54-9A1E7A4F7556}") = "AccessModifiersAnotherAssembly", "AccessModifiers\AccessModifiersAnotherAssembly\AccessModifiersAnotherAssembly.csproj", "{9D688953-3E28-4F22-9882-6ADB391BEDEE}"
EndProject
Project("{9A19103F-16F7-4668-BE54-9A1E7A4F7556}") = "Worker Service", "Worker Service\Worker Service.csproj", "{CF9CA393-EAF8-476F-AD42-E03D8A7BD25C}"
EndProject
Project("{9A19103F-16F7-4668-BE54-9A1E7A4F7556}") = "Performant_Logging", "Performant_Logging\Performant_Logging.csproj", "{AFBF9D93-42DB-48FB-A5B6-EBCFE51B6FCA}"
EndProject
Project("{9A19103F-16F7-4668-BE54-9A1E7A4F7556}") = "IEnumerable_IQueryable", "IEnumerable_IQueryable\IEnumerable_IQueryable.csproj", "{FD1D704A-9C2B-4D92-9D04-90BD5FE3BEA4}"
EndProject
Project("{9A19103F-16F7-4668-BE54-9A1E7A4F7556}") = "JsonSerializationAndDeserialization", "JsonSerializationAndDeserialization\JsonSerializationAndDeserialization.csproj", "{A48F66AB-E294-4FC2-A348-9FECD88F5AB1}"
EndProject
Project("{9A19103F-16F7-4668-BE54-9A1E7A4F7556}") = "StressTesting", "StressTesting\StressTesting.csproj", "{D967AFAA-C28A-4604-B91C-30F522FCF173}"
EndProject
Project("{2150E333-8FDC-42A3-9474-1A3956D46DE8}") = "StressTesing", "StressTesing", "{25303275-B9FD-444A-87D3-C704A1DBFFCB}"
EndProject
Project("{9A19103F-16F7-4668-BE54-9A1E7A4F7556}") = "StressTestBenchmark", "StressTestBenchmark\StressTestBenchmark.csproj", "{E32EAD20-8703-4E01-87C1-74B0AECFEE7C}"
EndProject
Project("{9A19103F-16F7-4668-BE54-9A1E7A4F7556}") = "ProgressbarWithCancellationToken", "ProgressbarWithCancellationToken\ProgressbarWithCancellationToken.csproj", "{BA012F81-5BF9-4C67-A25E-C4DD08705387}"
EndProject
Project("{2150E333-8FDC-42A3-9474-1A3956D46DE8}") = "Co3", "Co3", "{253ABE2D-518C-43D8-8E0C-CE75610D9FE1}"
EndProject
Project("{2150E333-8FDC-42A3-9474-1A3956D46DE8}") = "LeetCode", "LeetCode", "{76652E55-B5EE-4707-B0E8-0A03DC8B5A19}"
EndProject
Project("{9A19103F-16F7-4668-BE54-9A1E7A4F7556}") = "Sandbox", "Sandbox\Sandbox.csproj", "{746580B5-A289-467C-A705-40DA1990F79F}"
EndProject
Project("{9A19103F-16F7-4668-BE54-9A1E7A4F7556}") = "MongoDB_WebAPI_failed", "MongoDB_WebAPI\MongoDB_WebAPI_failed.csproj", "{4794CD8F-4437-4002-A959-8AA056DB0398}"
EndProject
Project("{9A19103F-16F7-4668-BE54-9A1E7A4F7556}") = "MongoDB", "MongoDB\MongoDB.csproj", "{89334744-B086-4CDE-96B4-23035DDC425D}"
EndProject
Project("{2150E333-8FDC-42A3-9474-1A3956D46DE8}") = "Different_Databases", "Different_Databases", "{407A9184-9084-4647-BF00-D91988F35D16}"
EndProject
Project("{2150E333-8FDC-42A3-9474-1A3956D46DE8}") = "MongoDB_Assemblies", "MongoDB_Assemblies", "{77250C68-EF65-473E-9897-C3C8FC1ADE74}"
EndProject
Project("{9A19103F-16F7-4668-BE54-9A1E7A4F7556}") = "MongoDataAccess", "MongoDataAccess\MongoDataAccess.csproj", "{27E5FCE6-FC89-4619-B2C1-F4BBF4DE2CA2}"
EndProject
Project("{9A19103F-16F7-4668-BE54-9A1E7A4F7556}") = "RedisBlazorDemo", "RedisBlazorDemo\RedisBlazorDemo.csproj", "{B6CCD8C9-6351-4594-AEAE-CDC7673963BB}"
EndProject
Project("{9A19103F-16F7-4668-BE54-9A1E7A4F7556}") = "ClientCaching", "ClientCaching\ClientCaching.csproj", "{4445440F-619B-48DB-BFF0-939A6AA35E4A}"
EndProject
Project("{2150E333-8FDC-42A3-9474-1A3956D46DE8}") = "SignalR_Chat", "SignalR_Chat", "{FB91510A-A89B-4EF9-BC86-2149EBCB5902}"
EndProject
Project("{9A19103F-16F7-4668-BE54-9A1E7A4F7556}") = "BlazorServer", "BlazorServer\BlazorServer.csproj", "{F199651C-F620-4AB4-AEC7-4BAF3514DF4B}"
EndProject
Project("{9A19103F-16F7-4668-BE54-9A1E7A4F7556}") = "WPFClient", "WPFClient\WPFClient.csproj", "{67090995-E2A3-42B0-A87B-97B49ABDFBD9}"
EndProject
Project("{9A19103F-16F7-4668-BE54-9A1E7A4F7556}") = "DapperCRUD", "DapperCRUD\DapperCRUD.csproj", "{E1FC0CBE-BA92-432B-9C11-01E206237A0F}"
EndProject
Project("{2150E333-8FDC-42A3-9474-1A3956D46DE8}") = "Tests", "Tests", "{D1171793-6D53-4F52-B59F-2EBC92590440}"
EndProject
Project("{9A19103F-16F7-4668-BE54-9A1E7A4F7556}") = "NetworkUtility", "NetworkUtility\NetworkUtility.csproj", "{37E25105-E377-49C9-963D-78C35FB1B702}"
EndProject
Project("{9A19103F-16F7-4668-BE54-9A1E7A4F7556}") = "NetworkUtility.Tests", "NetworkUtility.Tests\NetworkUtility.Tests.csproj", "{DF1726A5-B8EF-4EDA-AEE5-D3CEC41A9D88}"
EndProject
Project("{2150E333-8FDC-42A3-9474-1A3956D46DE8}") = "FluentAssertion_basic", "FluentAssertion_basic", "{A9771318-10D3-4CA4-8A8B-D23B85E86265}"
EndProject
Project("{9A19103F-16F7-4668-BE54-9A1E7A4F7556}") = "IEnumerable_ICollection_IList_MVC_DB", "IEnumerable_ICollection_IList\IEnumerable_ICollection_IList_MVC_DB.csproj", "{F652C52A-2415-495A-BBEB-ED01A578FF8D}"
EndProject
Project("{9A19103F-16F7-4668-BE54-9A1E7A4F7556}") = "FileStream_StreamWR_BinaryWR", "FileStream_StreamWR_BinaryWR\FileStream_StreamWR_BinaryWR.csproj", "{85FE5786-D5A8-4DAE-80E5-DA02C989A200}"
EndProject
Project("{9A19103F-16F7-4668-BE54-9A1E7A4F7556}") = "Generics", "Generics\Generics.csproj", "{D15E47E7-836C-4FB3-9CC5-D1A388EC3332}"
EndProject
Project("{9A19103F-16F7-4668-BE54-9A1E7A4F7556}") = "ASPNET_Identity_MVC", "ASPNET_Identity_MVC\ASPNET_Identity_MVC.csproj", "{51B7A2F9-B9A1-41ED-8F2D-E906566EDE9F}"
EndProject
Project("{FAE04EC0-301F-11D3-BF4B-00C04F79EFBC}") = "GMail_SendEmail", "GMail_SendEmail\GMail_SendEmail.csproj", "{74CC5B64-7446-456F-A006-28F8D77E2D8A}"
EndProject
Global
	GlobalSection(SolutionConfigurationPlatforms) = preSolution
		Debug|Any CPU = Debug|Any CPU
		Release|Any CPU = Release|Any CPU
	EndGlobalSection
	GlobalSection(ProjectConfigurationPlatforms) = postSolution
		{8695086C-87D9-4211-A491-AD3818023CD6}.Debug|Any CPU.ActiveCfg = Debug|Any CPU
		{8695086C-87D9-4211-A491-AD3818023CD6}.Debug|Any CPU.Build.0 = Debug|Any CPU
		{8695086C-87D9-4211-A491-AD3818023CD6}.Release|Any CPU.ActiveCfg = Release|Any CPU
		{8695086C-87D9-4211-A491-AD3818023CD6}.Release|Any CPU.Build.0 = Release|Any CPU
		{211F68DA-11AA-4809-AAB1-A9E10973AB4A}.Debug|Any CPU.ActiveCfg = Debug|Any CPU
		{211F68DA-11AA-4809-AAB1-A9E10973AB4A}.Debug|Any CPU.Build.0 = Debug|Any CPU
		{211F68DA-11AA-4809-AAB1-A9E10973AB4A}.Release|Any CPU.ActiveCfg = Release|Any CPU
		{211F68DA-11AA-4809-AAB1-A9E10973AB4A}.Release|Any CPU.Build.0 = Release|Any CPU
		{B51DB64F-F305-444E-A901-72AF65186856}.Debug|Any CPU.ActiveCfg = Debug|Any CPU
		{B51DB64F-F305-444E-A901-72AF65186856}.Debug|Any CPU.Build.0 = Debug|Any CPU
		{B51DB64F-F305-444E-A901-72AF65186856}.Release|Any CPU.ActiveCfg = Release|Any CPU
		{B51DB64F-F305-444E-A901-72AF65186856}.Release|Any CPU.Build.0 = Release|Any CPU
		{4361103D-94AD-4219-A0BA-CA4A2CABF0E8}.Debug|Any CPU.ActiveCfg = Debug|Any CPU
		{4361103D-94AD-4219-A0BA-CA4A2CABF0E8}.Debug|Any CPU.Build.0 = Debug|Any CPU
		{4361103D-94AD-4219-A0BA-CA4A2CABF0E8}.Release|Any CPU.ActiveCfg = Release|Any CPU
		{4361103D-94AD-4219-A0BA-CA4A2CABF0E8}.Release|Any CPU.Build.0 = Release|Any CPU
		{6A5D7B18-6C1C-4C05-9388-607F6EB8A2AE}.Debug|Any CPU.ActiveCfg = Debug|Any CPU
		{6A5D7B18-6C1C-4C05-9388-607F6EB8A2AE}.Debug|Any CPU.Build.0 = Debug|Any CPU
		{6A5D7B18-6C1C-4C05-9388-607F6EB8A2AE}.Release|Any CPU.ActiveCfg = Release|Any CPU
		{6A5D7B18-6C1C-4C05-9388-607F6EB8A2AE}.Release|Any CPU.Build.0 = Release|Any CPU
		{40BEAE9A-A6D2-451B-850B-1E05549FD76D}.Debug|Any CPU.ActiveCfg = Debug|Any CPU
		{40BEAE9A-A6D2-451B-850B-1E05549FD76D}.Debug|Any CPU.Build.0 = Debug|Any CPU
		{40BEAE9A-A6D2-451B-850B-1E05549FD76D}.Release|Any CPU.ActiveCfg = Release|Any CPU
		{40BEAE9A-A6D2-451B-850B-1E05549FD76D}.Release|Any CPU.Build.0 = Release|Any CPU
		{D76189DA-8934-43FC-A42A-161D5C9AFDD2}.Debug|Any CPU.ActiveCfg = Debug|Any CPU
		{D76189DA-8934-43FC-A42A-161D5C9AFDD2}.Debug|Any CPU.Build.0 = Debug|Any CPU
		{D76189DA-8934-43FC-A42A-161D5C9AFDD2}.Release|Any CPU.ActiveCfg = Release|Any CPU
		{D76189DA-8934-43FC-A42A-161D5C9AFDD2}.Release|Any CPU.Build.0 = Release|Any CPU
		{5896AD45-6C1F-402D-9D90-62692529098F}.Debug|Any CPU.ActiveCfg = Debug|Any CPU
		{5896AD45-6C1F-402D-9D90-62692529098F}.Debug|Any CPU.Build.0 = Debug|Any CPU
		{5896AD45-6C1F-402D-9D90-62692529098F}.Release|Any CPU.ActiveCfg = Release|Any CPU
		{5896AD45-6C1F-402D-9D90-62692529098F}.Release|Any CPU.Build.0 = Release|Any CPU
		{6C146F67-EBDE-4239-B386-9D8A3A12F04B}.Debug|Any CPU.ActiveCfg = Debug|Any CPU
		{6C146F67-EBDE-4239-B386-9D8A3A12F04B}.Debug|Any CPU.Build.0 = Debug|Any CPU
		{6C146F67-EBDE-4239-B386-9D8A3A12F04B}.Release|Any CPU.ActiveCfg = Release|Any CPU
		{6C146F67-EBDE-4239-B386-9D8A3A12F04B}.Release|Any CPU.Build.0 = Release|Any CPU
		{16E91E91-43A3-4A5C-930D-CA13ADAA0E2D}.Debug|Any CPU.ActiveCfg = Debug|Any CPU
		{16E91E91-43A3-4A5C-930D-CA13ADAA0E2D}.Debug|Any CPU.Build.0 = Debug|Any CPU
		{16E91E91-43A3-4A5C-930D-CA13ADAA0E2D}.Release|Any CPU.ActiveCfg = Release|Any CPU
		{16E91E91-43A3-4A5C-930D-CA13ADAA0E2D}.Release|Any CPU.Build.0 = Release|Any CPU
		{4FF116C1-F14F-47F0-A4CB-C54041748081}.Debug|Any CPU.ActiveCfg = Debug|Any CPU
		{4FF116C1-F14F-47F0-A4CB-C54041748081}.Debug|Any CPU.Build.0 = Debug|Any CPU
		{4FF116C1-F14F-47F0-A4CB-C54041748081}.Release|Any CPU.ActiveCfg = Release|Any CPU
		{4FF116C1-F14F-47F0-A4CB-C54041748081}.Release|Any CPU.Build.0 = Release|Any CPU
		{5C0D03CB-A8E8-4188-BAEA-313E13F8A62F}.Debug|Any CPU.ActiveCfg = Debug|Any CPU
		{5C0D03CB-A8E8-4188-BAEA-313E13F8A62F}.Debug|Any CPU.Build.0 = Debug|Any CPU
		{5C0D03CB-A8E8-4188-BAEA-313E13F8A62F}.Release|Any CPU.ActiveCfg = Release|Any CPU
		{5C0D03CB-A8E8-4188-BAEA-313E13F8A62F}.Release|Any CPU.Build.0 = Release|Any CPU
		{8B2B9650-D429-4C26-9F8D-4C01630C9A60}.Debug|Any CPU.ActiveCfg = Debug|Any CPU
		{8B2B9650-D429-4C26-9F8D-4C01630C9A60}.Debug|Any CPU.Build.0 = Debug|Any CPU
		{8B2B9650-D429-4C26-9F8D-4C01630C9A60}.Release|Any CPU.ActiveCfg = Release|Any CPU
		{8B2B9650-D429-4C26-9F8D-4C01630C9A60}.Release|Any CPU.Build.0 = Release|Any CPU
		{16408CA2-BCC0-4F25-8060-D8EEB2D1C2DD}.Debug|Any CPU.ActiveCfg = Debug|Any CPU
		{16408CA2-BCC0-4F25-8060-D8EEB2D1C2DD}.Debug|Any CPU.Build.0 = Debug|Any CPU
		{16408CA2-BCC0-4F25-8060-D8EEB2D1C2DD}.Release|Any CPU.ActiveCfg = Release|Any CPU
		{16408CA2-BCC0-4F25-8060-D8EEB2D1C2DD}.Release|Any CPU.Build.0 = Release|Any CPU
		{0FB64545-D01A-4B51-8C04-036D02BD5C0A}.Debug|Any CPU.ActiveCfg = Debug|Any CPU
		{0FB64545-D01A-4B51-8C04-036D02BD5C0A}.Debug|Any CPU.Build.0 = Debug|Any CPU
		{0FB64545-D01A-4B51-8C04-036D02BD5C0A}.Release|Any CPU.ActiveCfg = Release|Any CPU
		{0FB64545-D01A-4B51-8C04-036D02BD5C0A}.Release|Any CPU.Build.0 = Release|Any CPU
		{7EB8D18A-FC82-4289-A1A4-0456AED7B1C3}.Debug|Any CPU.ActiveCfg = Debug|Any CPU
		{7EB8D18A-FC82-4289-A1A4-0456AED7B1C3}.Debug|Any CPU.Build.0 = Debug|Any CPU
		{7EB8D18A-FC82-4289-A1A4-0456AED7B1C3}.Release|Any CPU.ActiveCfg = Release|Any CPU
		{7EB8D18A-FC82-4289-A1A4-0456AED7B1C3}.Release|Any CPU.Build.0 = Release|Any CPU
		{3E409A1B-EF0C-49D5-B8E0-EB32A77CFCAA}.Debug|Any CPU.ActiveCfg = Debug|Any CPU
		{3E409A1B-EF0C-49D5-B8E0-EB32A77CFCAA}.Debug|Any CPU.Build.0 = Debug|Any CPU
		{3E409A1B-EF0C-49D5-B8E0-EB32A77CFCAA}.Release|Any CPU.ActiveCfg = Release|Any CPU
		{3E409A1B-EF0C-49D5-B8E0-EB32A77CFCAA}.Release|Any CPU.Build.0 = Release|Any CPU
		{BEC74255-4936-47AF-96E1-9D7DAF7CA67A}.Debug|Any CPU.ActiveCfg = Debug|Any CPU
		{BEC74255-4936-47AF-96E1-9D7DAF7CA67A}.Debug|Any CPU.Build.0 = Debug|Any CPU
		{BEC74255-4936-47AF-96E1-9D7DAF7CA67A}.Release|Any CPU.ActiveCfg = Release|Any CPU
		{BEC74255-4936-47AF-96E1-9D7DAF7CA67A}.Release|Any CPU.Build.0 = Release|Any CPU
		{9D688953-3E28-4F22-9882-6ADB391BEDEE}.Debug|Any CPU.ActiveCfg = Debug|Any CPU
		{9D688953-3E28-4F22-9882-6ADB391BEDEE}.Debug|Any CPU.Build.0 = Debug|Any CPU
		{9D688953-3E28-4F22-9882-6ADB391BEDEE}.Release|Any CPU.ActiveCfg = Release|Any CPU
		{9D688953-3E28-4F22-9882-6ADB391BEDEE}.Release|Any CPU.Build.0 = Release|Any CPU
		{CF9CA393-EAF8-476F-AD42-E03D8A7BD25C}.Debug|Any CPU.ActiveCfg = Debug|Any CPU
		{CF9CA393-EAF8-476F-AD42-E03D8A7BD25C}.Debug|Any CPU.Build.0 = Debug|Any CPU
		{CF9CA393-EAF8-476F-AD42-E03D8A7BD25C}.Release|Any CPU.ActiveCfg = Release|Any CPU
		{CF9CA393-EAF8-476F-AD42-E03D8A7BD25C}.Release|Any CPU.Build.0 = Release|Any CPU
		{AFBF9D93-42DB-48FB-A5B6-EBCFE51B6FCA}.Debug|Any CPU.ActiveCfg = Debug|Any CPU
		{AFBF9D93-42DB-48FB-A5B6-EBCFE51B6FCA}.Debug|Any CPU.Build.0 = Debug|Any CPU
		{AFBF9D93-42DB-48FB-A5B6-EBCFE51B6FCA}.Release|Any CPU.ActiveCfg = Release|Any CPU
		{AFBF9D93-42DB-48FB-A5B6-EBCFE51B6FCA}.Release|Any CPU.Build.0 = Release|Any CPU
		{FD1D704A-9C2B-4D92-9D04-90BD5FE3BEA4}.Debug|Any CPU.ActiveCfg = Debug|Any CPU
		{FD1D704A-9C2B-4D92-9D04-90BD5FE3BEA4}.Debug|Any CPU.Build.0 = Debug|Any CPU
		{FD1D704A-9C2B-4D92-9D04-90BD5FE3BEA4}.Release|Any CPU.ActiveCfg = Release|Any CPU
		{FD1D704A-9C2B-4D92-9D04-90BD5FE3BEA4}.Release|Any CPU.Build.0 = Release|Any CPU
		{A48F66AB-E294-4FC2-A348-9FECD88F5AB1}.Debug|Any CPU.ActiveCfg = Debug|Any CPU
		{A48F66AB-E294-4FC2-A348-9FECD88F5AB1}.Debug|Any CPU.Build.0 = Debug|Any CPU
		{A48F66AB-E294-4FC2-A348-9FECD88F5AB1}.Release|Any CPU.ActiveCfg = Release|Any CPU
		{A48F66AB-E294-4FC2-A348-9FECD88F5AB1}.Release|Any CPU.Build.0 = Release|Any CPU
		{D967AFAA-C28A-4604-B91C-30F522FCF173}.Debug|Any CPU.ActiveCfg = Debug|Any CPU
		{D967AFAA-C28A-4604-B91C-30F522FCF173}.Debug|Any CPU.Build.0 = Debug|Any CPU
		{D967AFAA-C28A-4604-B91C-30F522FCF173}.Release|Any CPU.ActiveCfg = Release|Any CPU
		{D967AFAA-C28A-4604-B91C-30F522FCF173}.Release|Any CPU.Build.0 = Release|Any CPU
		{E32EAD20-8703-4E01-87C1-74B0AECFEE7C}.Debug|Any CPU.ActiveCfg = Debug|Any CPU
		{E32EAD20-8703-4E01-87C1-74B0AECFEE7C}.Debug|Any CPU.Build.0 = Debug|Any CPU
		{E32EAD20-8703-4E01-87C1-74B0AECFEE7C}.Release|Any CPU.ActiveCfg = Release|Any CPU
		{E32EAD20-8703-4E01-87C1-74B0AECFEE7C}.Release|Any CPU.Build.0 = Release|Any CPU
		{BA012F81-5BF9-4C67-A25E-C4DD08705387}.Debug|Any CPU.ActiveCfg = Debug|Any CPU
		{BA012F81-5BF9-4C67-A25E-C4DD08705387}.Debug|Any CPU.Build.0 = Debug|Any CPU
		{BA012F81-5BF9-4C67-A25E-C4DD08705387}.Release|Any CPU.ActiveCfg = Release|Any CPU
		{BA012F81-5BF9-4C67-A25E-C4DD08705387}.Release|Any CPU.Build.0 = Release|Any CPU
		{746580B5-A289-467C-A705-40DA1990F79F}.Debug|Any CPU.ActiveCfg = Debug|Any CPU
		{746580B5-A289-467C-A705-40DA1990F79F}.Debug|Any CPU.Build.0 = Debug|Any CPU
		{746580B5-A289-467C-A705-40DA1990F79F}.Release|Any CPU.ActiveCfg = Release|Any CPU
		{746580B5-A289-467C-A705-40DA1990F79F}.Release|Any CPU.Build.0 = Release|Any CPU
		{4794CD8F-4437-4002-A959-8AA056DB0398}.Debug|Any CPU.ActiveCfg = Debug|Any CPU
		{4794CD8F-4437-4002-A959-8AA056DB0398}.Debug|Any CPU.Build.0 = Debug|Any CPU
		{4794CD8F-4437-4002-A959-8AA056DB0398}.Release|Any CPU.ActiveCfg = Release|Any CPU
		{4794CD8F-4437-4002-A959-8AA056DB0398}.Release|Any CPU.Build.0 = Release|Any CPU
		{89334744-B086-4CDE-96B4-23035DDC425D}.Debug|Any CPU.ActiveCfg = Debug|Any CPU
		{89334744-B086-4CDE-96B4-23035DDC425D}.Debug|Any CPU.Build.0 = Debug|Any CPU
		{89334744-B086-4CDE-96B4-23035DDC425D}.Release|Any CPU.ActiveCfg = Release|Any CPU
		{89334744-B086-4CDE-96B4-23035DDC425D}.Release|Any CPU.Build.0 = Release|Any CPU
		{27E5FCE6-FC89-4619-B2C1-F4BBF4DE2CA2}.Debug|Any CPU.ActiveCfg = Debug|Any CPU
		{27E5FCE6-FC89-4619-B2C1-F4BBF4DE2CA2}.Debug|Any CPU.Build.0 = Debug|Any CPU
		{27E5FCE6-FC89-4619-B2C1-F4BBF4DE2CA2}.Release|Any CPU.ActiveCfg = Release|Any CPU
		{27E5FCE6-FC89-4619-B2C1-F4BBF4DE2CA2}.Release|Any CPU.Build.0 = Release|Any CPU
		{B6CCD8C9-6351-4594-AEAE-CDC7673963BB}.Debug|Any CPU.ActiveCfg = Debug|Any CPU
		{B6CCD8C9-6351-4594-AEAE-CDC7673963BB}.Debug|Any CPU.Build.0 = Debug|Any CPU
		{B6CCD8C9-6351-4594-AEAE-CDC7673963BB}.Release|Any CPU.ActiveCfg = Release|Any CPU
		{B6CCD8C9-6351-4594-AEAE-CDC7673963BB}.Release|Any CPU.Build.0 = Release|Any CPU
		{4445440F-619B-48DB-BFF0-939A6AA35E4A}.Debug|Any CPU.ActiveCfg = Debug|Any CPU
		{4445440F-619B-48DB-BFF0-939A6AA35E4A}.Debug|Any CPU.Build.0 = Debug|Any CPU
		{4445440F-619B-48DB-BFF0-939A6AA35E4A}.Release|Any CPU.ActiveCfg = Release|Any CPU
		{4445440F-619B-48DB-BFF0-939A6AA35E4A}.Release|Any CPU.Build.0 = Release|Any CPU
		{F199651C-F620-4AB4-AEC7-4BAF3514DF4B}.Debug|Any CPU.ActiveCfg = Debug|Any CPU
		{F199651C-F620-4AB4-AEC7-4BAF3514DF4B}.Debug|Any CPU.Build.0 = Debug|Any CPU
		{F199651C-F620-4AB4-AEC7-4BAF3514DF4B}.Release|Any CPU.ActiveCfg = Release|Any CPU
		{F199651C-F620-4AB4-AEC7-4BAF3514DF4B}.Release|Any CPU.Build.0 = Release|Any CPU
		{67090995-E2A3-42B0-A87B-97B49ABDFBD9}.Debug|Any CPU.ActiveCfg = Debug|Any CPU
		{67090995-E2A3-42B0-A87B-97B49ABDFBD9}.Debug|Any CPU.Build.0 = Debug|Any CPU
		{67090995-E2A3-42B0-A87B-97B49ABDFBD9}.Release|Any CPU.ActiveCfg = Release|Any CPU
		{67090995-E2A3-42B0-A87B-97B49ABDFBD9}.Release|Any CPU.Build.0 = Release|Any CPU
		{E1FC0CBE-BA92-432B-9C11-01E206237A0F}.Debug|Any CPU.ActiveCfg = Debug|Any CPU
		{E1FC0CBE-BA92-432B-9C11-01E206237A0F}.Debug|Any CPU.Build.0 = Debug|Any CPU
		{E1FC0CBE-BA92-432B-9C11-01E206237A0F}.Release|Any CPU.ActiveCfg = Release|Any CPU
		{E1FC0CBE-BA92-432B-9C11-01E206237A0F}.Release|Any CPU.Build.0 = Release|Any CPU
		{37E25105-E377-49C9-963D-78C35FB1B702}.Debug|Any CPU.ActiveCfg = Debug|Any CPU
		{37E25105-E377-49C9-963D-78C35FB1B702}.Debug|Any CPU.Build.0 = Debug|Any CPU
		{37E25105-E377-49C9-963D-78C35FB1B702}.Release|Any CPU.ActiveCfg = Release|Any CPU
		{37E25105-E377-49C9-963D-78C35FB1B702}.Release|Any CPU.Build.0 = Release|Any CPU
		{DF1726A5-B8EF-4EDA-AEE5-D3CEC41A9D88}.Debug|Any CPU.ActiveCfg = Debug|Any CPU
		{DF1726A5-B8EF-4EDA-AEE5-D3CEC41A9D88}.Debug|Any CPU.Build.0 = Debug|Any CPU
		{DF1726A5-B8EF-4EDA-AEE5-D3CEC41A9D88}.Release|Any CPU.ActiveCfg = Release|Any CPU
		{DF1726A5-B8EF-4EDA-AEE5-D3CEC41A9D88}.Release|Any CPU.Build.0 = Release|Any CPU
		{F652C52A-2415-495A-BBEB-ED01A578FF8D}.Debug|Any CPU.ActiveCfg = Debug|Any CPU
		{F652C52A-2415-495A-BBEB-ED01A578FF8D}.Debug|Any CPU.Build.0 = Debug|Any CPU
		{F652C52A-2415-495A-BBEB-ED01A578FF8D}.Release|Any CPU.ActiveCfg = Release|Any CPU
		{F652C52A-2415-495A-BBEB-ED01A578FF8D}.Release|Any CPU.Build.0 = Release|Any CPU
		{85FE5786-D5A8-4DAE-80E5-DA02C989A200}.Debug|Any CPU.ActiveCfg = Debug|Any CPU
		{85FE5786-D5A8-4DAE-80E5-DA02C989A200}.Debug|Any CPU.Build.0 = Debug|Any CPU
		{85FE5786-D5A8-4DAE-80E5-DA02C989A200}.Release|Any CPU.ActiveCfg = Release|Any CPU
		{85FE5786-D5A8-4DAE-80E5-DA02C989A200}.Release|Any CPU.Build.0 = Release|Any CPU
		{D15E47E7-836C-4FB3-9CC5-D1A388EC3332}.Debug|Any CPU.ActiveCfg = Debug|Any CPU
		{D15E47E7-836C-4FB3-9CC5-D1A388EC3332}.Debug|Any CPU.Build.0 = Debug|Any CPU
		{D15E47E7-836C-4FB3-9CC5-D1A388EC3332}.Release|Any CPU.ActiveCfg = Release|Any CPU
		{D15E47E7-836C-4FB3-9CC5-D1A388EC3332}.Release|Any CPU.Build.0 = Release|Any CPU
		{51B7A2F9-B9A1-41ED-8F2D-E906566EDE9F}.Debug|Any CPU.ActiveCfg = Debug|Any CPU
		{51B7A2F9-B9A1-41ED-8F2D-E906566EDE9F}.Debug|Any CPU.Build.0 = Debug|Any CPU
		{51B7A2F9-B9A1-41ED-8F2D-E906566EDE9F}.Release|Any CPU.ActiveCfg = Release|Any CPU
		{51B7A2F9-B9A1-41ED-8F2D-E906566EDE9F}.Release|Any CPU.Build.0 = Release|Any CPU
		{74CC5B64-7446-456F-A006-28F8D77E2D8A}.Debug|Any CPU.ActiveCfg = Debug|Any CPU
		{74CC5B64-7446-456F-A006-28F8D77E2D8A}.Debug|Any CPU.Build.0 = Debug|Any CPU
		{74CC5B64-7446-456F-A006-28F8D77E2D8A}.Release|Any CPU.ActiveCfg = Release|Any CPU
		{74CC5B64-7446-456F-A006-28F8D77E2D8A}.Release|Any CPU.Build.0 = Release|Any CPU
	EndGlobalSection
	GlobalSection(SolutionProperties) = preSolution
		HideSolutionNode = FALSE
	EndGlobalSection
	GlobalSection(NestedProjects) = preSolution
		{8695086C-87D9-4211-A491-AD3818023CD6} = {76652E55-B5EE-4707-B0E8-0A03DC8B5A19}
		{211F68DA-11AA-4809-AAB1-A9E10973AB4A} = {76652E55-B5EE-4707-B0E8-0A03DC8B5A19}
		{B51DB64F-F305-444E-A901-72AF65186856} = {76652E55-B5EE-4707-B0E8-0A03DC8B5A19}
		{4361103D-94AD-4219-A0BA-CA4A2CABF0E8} = {76652E55-B5EE-4707-B0E8-0A03DC8B5A19}
		{6A5D7B18-6C1C-4C05-9388-607F6EB8A2AE} = {76652E55-B5EE-4707-B0E8-0A03DC8B5A19}
		{40BEAE9A-A6D2-451B-850B-1E05549FD76D} = {76652E55-B5EE-4707-B0E8-0A03DC8B5A19}
		{D76189DA-8934-43FC-A42A-161D5C9AFDD2} = {76652E55-B5EE-4707-B0E8-0A03DC8B5A19}
		{5896AD45-6C1F-402D-9D90-62692529098F} = {76652E55-B5EE-4707-B0E8-0A03DC8B5A19}
		{4FF116C1-F14F-47F0-A4CB-C54041748081} = {253ABE2D-518C-43D8-8E0C-CE75610D9FE1}
		{5C0D03CB-A8E8-4188-BAEA-313E13F8A62F} = {253ABE2D-518C-43D8-8E0C-CE75610D9FE1}
		{8B2B9650-D429-4C26-9F8D-4C01630C9A60} = {253ABE2D-518C-43D8-8E0C-CE75610D9FE1}
		{16408CA2-BCC0-4F25-8060-D8EEB2D1C2DD} = {253ABE2D-518C-43D8-8E0C-CE75610D9FE1}
		{0FB64545-D01A-4B51-8C04-036D02BD5C0A} = {253ABE2D-518C-43D8-8E0C-CE75610D9FE1}
		{BEC74255-4936-47AF-96E1-9D7DAF7CA67A} = {4E7B53C6-1E4E-4722-9F16-8F852BAD7146}
		{9D688953-3E28-4F22-9882-6ADB391BEDEE} = {4E7B53C6-1E4E-4722-9F16-8F852BAD7146}
		{D967AFAA-C28A-4604-B91C-30F522FCF173} = {25303275-B9FD-444A-87D3-C704A1DBFFCB}
		{E32EAD20-8703-4E01-87C1-74B0AECFEE7C} = {25303275-B9FD-444A-87D3-C704A1DBFFCB}
		{89334744-B086-4CDE-96B4-23035DDC425D} = {77250C68-EF65-473E-9897-C3C8FC1ADE74}
		{77250C68-EF65-473E-9897-C3C8FC1ADE74} = {407A9184-9084-4647-BF00-D91988F35D16}
		{27E5FCE6-FC89-4619-B2C1-F4BBF4DE2CA2} = {77250C68-EF65-473E-9897-C3C8FC1ADE74}
		{F199651C-F620-4AB4-AEC7-4BAF3514DF4B} = {FB91510A-A89B-4EF9-BC86-2149EBCB5902}
		{67090995-E2A3-42B0-A87B-97B49ABDFBD9} = {FB91510A-A89B-4EF9-BC86-2149EBCB5902}
		{37E25105-E377-49C9-963D-78C35FB1B702} = {A9771318-10D3-4CA4-8A8B-D23B85E86265}
		{DF1726A5-B8EF-4EDA-AEE5-D3CEC41A9D88} = {A9771318-10D3-4CA4-8A8B-D23B85E86265}
		{A9771318-10D3-4CA4-8A8B-D23B85E86265} = {D1171793-6D53-4F52-B59F-2EBC92590440}
	EndGlobalSection
	GlobalSection(ExtensibilityGlobals) = postSolution
		SolutionGuid = {1FA9E81D-BF3A-4497-93B0-284CAEF6ED5D}
	EndGlobalSection
EndGlobal
