
Microsoft Visual Studio Solution File, Format Version 12.00
# Visual Studio Version 17
VisualStudioVersion = 17.4.33205.214
MinimumVisualStudioVersion = 10.0.40219.1
Project("{FAE04EC0-301F-11D3-BF4B-00C04F79EFBC}") = "FluentEmail", "FluentEmail\FluentEmail.csproj", "{EFE41C34-B8D7-4997-AE17-E15FBBB9F59C}"
EndProject
Global
	GlobalSection(SolutionConfigurationPlatforms) = preSolution
		Debug|Any CPU = Debug|Any CPU
		Release|Any CPU = Release|Any CPU
	EndGlobalSection
	GlobalSection(ProjectConfigurationPlatforms) = postSolution
		{EFE41C34-B8D7-4997-AE17-E15FBBB9F59C}.Debug|Any CPU.ActiveCfg = Debug|Any CPU
		{EFE41C34-B8D7-4997-AE17-E15FBBB9F59C}.Debug|Any CPU.Build.0 = Debug|Any CPU
		{EFE41C34-B8D7-4997-AE17-E15FBBB9F59C}.Release|Any CPU.ActiveCfg = Release|Any CPU
		{EFE41C34-B8D7-4997-AE17-E15FBBB9F59C}.Release|Any CPU.Build.0 = Release|Any CPU
	EndGlobalSection
	GlobalSection(SolutionProperties) = preSolution
		HideSolutionNode = FALSE
	EndGlobalSection
	GlobalSection(ExtensibilityGlobals) = postSolution
		SolutionGuid = {16A0801E-9A6D-4384-8581-E9011965E83F}
	EndGlobalSection
EndGlobal
